
Microsoft Visual Studio Solution File, Format Version 12.00
# Visual Studio 14
VisualStudioVersion = 14.0.25420.1
MinimumVisualStudioVersion = 10.0.40219.1
Project("{FAE04EC0-301F-11D3-BF4B-00C04F79EFBC}") = "FilaMSMQ.ColocaNaFila", "FilaMSMQ.ColocaNaFila\FilaMSMQ.ColocaNaFila.csproj", "{063A6610-EF8F-4A10-B7D8-2C0BDC050D58}"
EndProject
Project("{FAE04EC0-301F-11D3-BF4B-00C04F79EFBC}") = "FilaMSMQ.LerDaFila", "FilaMSMQ.LerDaFila\FilaMSMQ.LerDaFila.csproj", "{79D64749-DF3C-414D-BE6A-2FB6467BB6C7}"
EndProject
Global
	GlobalSection(SolutionConfigurationPlatforms) = preSolution
		Debug|Any CPU = Debug|Any CPU
		Release|Any CPU = Release|Any CPU
	EndGlobalSection
	GlobalSection(ProjectConfigurationPlatforms) = postSolution
		{063A6610-EF8F-4A10-B7D8-2C0BDC050D58}.Debug|Any CPU.ActiveCfg = Debug|Any CPU
		{063A6610-EF8F-4A10-B7D8-2C0BDC050D58}.Debug|Any CPU.Build.0 = Debug|Any CPU
		{063A6610-EF8F-4A10-B7D8-2C0BDC050D58}.Release|Any CPU.ActiveCfg = Release|Any CPU
		{063A6610-EF8F-4A10-B7D8-2C0BDC050D58}.Release|Any CPU.Build.0 = Release|Any CPU
		{79D64749-DF3C-414D-BE6A-2FB6467BB6C7}.Debug|Any CPU.ActiveCfg = Debug|Any CPU
		{79D64749-DF3C-414D-BE6A-2FB6467BB6C7}.Debug|Any CPU.Build.0 = Debug|Any CPU
		{79D64749-DF3C-414D-BE6A-2FB6467BB6C7}.Release|Any CPU.ActiveCfg = Release|Any CPU
		{79D64749-DF3C-414D-BE6A-2FB6467BB6C7}.Release|Any CPU.Build.0 = Release|Any CPU
	EndGlobalSection
	GlobalSection(SolutionProperties) = preSolution
		HideSolutionNode = FALSE
	EndGlobalSection
EndGlobal
